
Microsoft Visual Studio Solution File, Format Version 12.00
# Visual Studio Version 17
VisualStudioVersion = 17.11.35303.130
MinimumVisualStudioVersion = 10.0.40219.1
Project("{FAE04EC0-301F-11D3-BF4B-00C04F79EFBC}") = "Expense Tracker", "Expense Tracker\Expense Tracker.csproj", "{26A5FAED-F5A3-44F7-B3D3-EE131D814EAE}"
EndProject
Global
	GlobalSection(SolutionConfigurationPlatforms) = preSolution
		Debug|Any CPU = Debug|Any CPU
		Release|Any CPU = Release|Any CPU
	EndGlobalSection
	GlobalSection(ProjectConfigurationPlatforms) = postSolution
		{26A5FAED-F5A3-44F7-B3D3-EE131D814EAE}.Debug|Any CPU.ActiveCfg = Debug|Any CPU
		{26A5FAED-F5A3-44F7-B3D3-EE131D814EAE}.Debug|Any CPU.Build.0 = Debug|Any CPU
		{26A5FAED-F5A3-44F7-B3D3-EE131D814EAE}.Release|Any CPU.ActiveCfg = Release|Any CPU
		{26A5FAED-F5A3-44F7-B3D3-EE131D814EAE}.Release|Any CPU.Build.0 = Release|Any CPU
	EndGlobalSection
	GlobalSection(SolutionProperties) = preSolution
		HideSolutionNode = FALSE
	EndGlobalSection
	GlobalSection(ExtensibilityGlobals) = postSolution
		SolutionGuid = {84EB8D58-B3E1-41D9-9F5F-4B4F69C18C03}
	EndGlobalSection
EndGlobal
